<?xml version="1.0" encoding="utf-8"?>
<Project ToolsVersion="4.0" xmlns="http://schemas.microsoft.com/developer/msbuild/2003">
  <ItemGroup>
    <Filter Include="Do Not Edit">
      <UniqueIdentifier>{b3df8c04-48fc-409c-ba6a-1fa82722423b}</UniqueIdentifier>
    </Filter>
    <Filter Include="Do Not Edit\Models">
      <UniqueIdentifier>{ac1fb563-fb7c-49e5-b25a-02e30555e537}</UniqueIdentifier>
    </Filter>
    <Filter Include="Customization">
      <UniqueIdentifier>{bd406e4b-a2a2-421a-b0a3-c18bbbf0ecc6}</UniqueIdentifier>
    </Filter>
  </ItemGroup>
  <ItemGroup>
    <ClInclude Include="..\include\Construct_Models\Beliefs.h">
      <Filter>Do Not Edit\Models</Filter>
    </ClInclude>
    <ClInclude Include="..\include\Construct_Models\Forget.h">
      <Filter>Do Not Edit\Models</Filter>
    </ClInclude>
    <ClInclude Include="..\include\Construct_Models\GrandInteraction.h">
      <Filter>Do Not Edit\Models</Filter>
    </ClInclude>
    <ClInclude Include="..\include\Construct_Models\KnowledgeLearningDifficulty.h">
      <Filter>Do Not Edit\Models</Filter>
    </ClInclude>
    <ClInclude Include="..\include\Construct_Models\KnowledgeParsing.h">
      <Filter>Do Not Edit\Models</Filter>
    </ClInclude>
    <ClInclude Include="..\include\Construct_Models\KnowledgeTransactiveMemory.h">
      <Filter>Do Not Edit\Models</Filter>
    </ClInclude>
    <ClInclude Include="..\include\Construct_Models\KnowledgeTrust.h">
      <Filter>Do Not Edit\Models</Filter>
    </ClInclude>
    <ClInclude Include="..\include\Construct_Models\Location.h">
      <Filter>Do Not Edit\Models</Filter>
    </ClInclude>
    <ClInclude Include="..\include\Construct_Models\Mail.h">
      <Filter>Do Not Edit\Models</Filter>
    </ClInclude>
    <ClInclude Include="..\include\Construct_Models\SocialMedia.h">
      <Filter>Do Not Edit\Models</Filter>
    </ClInclude>
    <ClInclude Include="..\include\Construct_Models\StandardInteraction.h">
      <Filter>Do Not Edit\Models</Filter>
    </ClInclude>
    <ClInclude Include="..\include\Construct_Models\Subscription.h">
      <Filter>Do Not Edit\Models</Filter>
    </ClInclude>
    <ClInclude Include="..\include\Construct_Models\Tasks.h">
      <Filter>Do Not Edit\Models</Filter>
    </ClInclude>
    <ClInclude Include="..\include\Construct_Models\Emotions.h">
      <Filter>Do Not Edit\Models</Filter>
    </ClInclude>
    <ClInclude Include="Supp_Library.h">
      <Filter>Do Not Edit</Filter>
    </ClInclude>
    <ClInclude Include="..\include\Construct.h">
      <Filter>Do Not Edit</Filter>
    </ClInclude>
    <ClInclude Include="framework.h">
      <Filter>Do Not Edit</Filter>
    </ClInclude>
    <ClInclude Include="pch.h">
      <Filter>Do Not Edit</Filter>
    </ClInclude>
    <ClInclude Include="..\include\Output.h">
      <Filter>Customization</Filter>
    </ClInclude>
    <ClInclude Include="..\include\Construct_Models\Template.h">
      <Filter>Customization</Filter>
    </ClInclude>
    <ClInclude Include="item_keys.h">
      <Filter>Customization</Filter>
    </ClInclude>
    <ClInclude Include="..\include\Construct_Models\MultiplatformSocialMedia.h">
      <Filter>Do Not Edit\Models</Filter>
    </ClInclude>
    <ClInclude Include="..\include\Construct_Models\Reddit.h">
      <Filter>Do Not Edit\Models</Filter>
    </ClInclude>
  </ItemGroup>
  <ItemGroup>
    <ClCompile Include="Supp_Library.cpp">
      <Filter>Customization</Filter>
    </ClCompile>
    <ClCompile Include="dllmain.cpp">
      <Filter>Do Not Edit</Filter>
    </ClCompile>
    <ClCompile Include="pch.cpp">
      <Filter>Do Not Edit</Filter>
    </ClCompile>
    <ClCompile Include="..\include\Construct_Models\Template.cpp">
      <Filter>Customization</Filter>
    </ClCompile>
  </ItemGroup>
</Project>